
Microsoft Visual Studio Solution File, Format Version 12.00
# Visual Studio Version 16
VisualStudioVersion = 16.0.31729.503
MinimumVisualStudioVersion = 10.0.40219.1
Project("{FAE04EC0-301F-11D3-BF4B-00C04F79EFBC}") = "WindowsFormsApp1", "WindowsFormsApp1\WindowsFormsApp1.csproj", "{ABC67788-98FB-41D7-9545-4AB6AC6A2C41}"
EndProject
Global
	GlobalSection(SolutionConfigurationPlatforms) = preSolution
		Debug|Any CPU = Debug|Any CPU
		Release|Any CPU = Release|Any CPU
	EndGlobalSection
	GlobalSection(ProjectConfigurationPlatforms) = postSolution
		{ABC67788-98FB-41D7-9545-4AB6AC6A2C41}.Debug|Any CPU.ActiveCfg = Debug|Any CPU
		{ABC67788-98FB-41D7-9545-4AB6AC6A2C41}.Debug|Any CPU.Build.0 = Debug|Any CPU
		{ABC67788-98FB-41D7-9545-4AB6AC6A2C41}.Release|Any CPU.ActiveCfg = Release|Any CPU
		{ABC67788-98FB-41D7-9545-4AB6AC6A2C41}.Release|Any CPU.Build.0 = Release|Any CPU
	EndGlobalSection
	GlobalSection(SolutionProperties) = preSolution
		HideSolutionNode = FALSE
	EndGlobalSection
	GlobalSection(ExtensibilityGlobals) = postSolution
		SolutionGuid = {34464FCD-A31C-475B-88DF-0BB453657805}
	EndGlobalSection
EndGlobal
